
Microsoft Visual Studio Solution File, Format Version 12.00
# Visual Studio Version 17
VisualStudioVersion = 17.10.35122.118
MinimumVisualStudioVersion = 10.0.40219.1
Project("{FAE04EC0-301F-11D3-BF4B-00C04F79EFBC}") = "Heath_Karter_Queues", "Heath_Karter_Queues\Heath_Karter_Queues.csproj", "{A302764E-ECE1-4F6C-8964-633ADFC56E85}"
EndProject
Global
	GlobalSection(SolutionConfigurationPlatforms) = preSolution
		Debug|Any CPU = Debug|Any CPU
		Release|Any CPU = Release|Any CPU
	EndGlobalSection
	GlobalSection(ProjectConfigurationPlatforms) = postSolution
		{A302764E-ECE1-4F6C-8964-633ADFC56E85}.Debug|Any CPU.ActiveCfg = Debug|Any CPU
		{A302764E-ECE1-4F6C-8964-633ADFC56E85}.Debug|Any CPU.Build.0 = Debug|Any CPU
		{A302764E-ECE1-4F6C-8964-633ADFC56E85}.Release|Any CPU.ActiveCfg = Release|Any CPU
		{A302764E-ECE1-4F6C-8964-633ADFC56E85}.Release|Any CPU.Build.0 = Release|Any CPU
	EndGlobalSection
	GlobalSection(SolutionProperties) = preSolution
		HideSolutionNode = FALSE
	EndGlobalSection
	GlobalSection(ExtensibilityGlobals) = postSolution
		SolutionGuid = {AD69E5D5-9213-4711-80E8-E98C623C25BD}
	EndGlobalSection
EndGlobal
